
Microsoft Visual Studio Solution File, Format Version 12.00
# Visual Studio Version 16
VisualStudioVersion = 16.0.32802.440
MinimumVisualStudioVersion = 10.0.40219.1
Project("{8BC9CEB8-8B4A-11D0-8D11-00A0C91BC942}") = "collaboration", "collaboration\collaboration.vcxproj", "{D6B16EAF-BA47-4785-BD1E-B8DF23FD4900}"
EndProject
Global
	GlobalSection(SolutionConfigurationPlatforms) = preSolution
		Debug|x64 = Debug|x64
		Debug|x86 = Debug|x86
		Release|x64 = Release|x64
		Release|x86 = Release|x86
	EndGlobalSection
	GlobalSection(ProjectConfigurationPlatforms) = postSolution
		{D6B16EAF-BA47-4785-BD1E-B8DF23FD4900}.Debug|x64.ActiveCfg = Debug|x64
		{D6B16EAF-BA47-4785-BD1E-B8DF23FD4900}.Debug|x64.Build.0 = Debug|x64
		{D6B16EAF-BA47-4785-BD1E-B8DF23FD4900}.Debug|x86.ActiveCfg = Debug|Win32
		{D6B16EAF-BA47-4785-BD1E-B8DF23FD4900}.Debug|x86.Build.0 = Debug|Win32
		{D6B16EAF-BA47-4785-BD1E-B8DF23FD4900}.Release|x64.ActiveCfg = Release|x64
		{D6B16EAF-BA47-4785-BD1E-B8DF23FD4900}.Release|x64.Build.0 = Release|x64
		{D6B16EAF-BA47-4785-BD1E-B8DF23FD4900}.Release|x86.ActiveCfg = Release|Win32
		{D6B16EAF-BA47-4785-BD1E-B8DF23FD4900}.Release|x86.Build.0 = Release|Win32
	EndGlobalSection
	GlobalSection(SolutionProperties) = preSolution
		HideSolutionNode = FALSE
	EndGlobalSection
	GlobalSection(ExtensibilityGlobals) = postSolution
		SolutionGuid = {E88B5012-E102-44B4-A88D-758A16C4339D}
	EndGlobalSection
EndGlobal
